
Microsoft Visual Studio Solution File, Format Version 12.00
# Visual Studio 15
VisualStudioVersion = 15.0.26403.3
MinimumVisualStudioVersion = 10.0.40219.1
Project("{FAE04EC0-301F-11D3-BF4B-00C04F79EFBC}") = "TMTMultiTools", "TMTMultiTools\TMTMultiTools.csproj", "{D755A029-6B44-4DA6-95D3-0BEF9301CB7B}"
EndProject
Project("{FAE04EC0-301F-11D3-BF4B-00C04F79EFBC}") = "TMTMultiTools.Common", "TMTMultiTools.Common\TMTMultiTools.Common.csproj", "{F443F30D-360C-4D2D-BF16-267F7545EB0C}"
EndProject
Project("{FAE04EC0-301F-11D3-BF4B-00C04F79EFBC}") = "TMTMultiTools.Test", "TMTMultiToolsTest\TMTMultiTools.Test.csproj", "{E3D23616-AD97-464A-8257-422FD1078547}"
EndProject
Project("{2150E333-8FDC-42A3-9474-1A3956D46DE8}") = "Test", "Test", "{87F38072-6459-4D08-8B0A-6F15D96E38EA}"
EndProject
Project("{FAE04EC0-301F-11D3-BF4B-00C04F79EFBC}") = "TMTMultiTools.Common.Test", "TMTMultiTools.Common.Test\TMTMultiTools.Common.Test.csproj", "{F4729D6C-B3DF-4C00-9A1E-5B0DC93722DA}"
EndProject
Project("{FAE04EC0-301F-11D3-BF4B-00C04F79EFBC}") = "TMTMultiTools.Model", "TMTMultiTools.Model\TMTMultiTools.Model.csproj", "{0B246D7D-BB00-4318-90C7-37E7CD29CE69}"
EndProject
Project("{2150E333-8FDC-42A3-9474-1A3956D46DE8}") = "Thirty", "Thirty", "{0214A981-2595-4966-8433-447EE8889E87}"
	ProjectSection(SolutionItems) = preProject
		Thirty\logo.ico = Thirty\logo.ico
	EndProjectSection
EndProject
Project("{2150E333-8FDC-42A3-9474-1A3956D46DE8}") = "UpgradeInfo", "UpgradeInfo", "{487A371F-1B09-4BA2-93EB-D7C640B4458E}"
	ProjectSection(SolutionItems) = preProject
		Thirty\UpgradeInfo\UpgradeInfo.auproj = Thirty\UpgradeInfo\UpgradeInfo.auproj
		Thirty\UpgradeInfo\UpgradeLog.rtf = Thirty\UpgradeInfo\UpgradeLog.rtf
		Thirty\UpgradeInfo\UpgradeLog.txt = Thirty\UpgradeInfo\UpgradeLog.txt
	EndProjectSection
EndProject
Project("{2150E333-8FDC-42A3-9474-1A3956D46DE8}") = "WatchProgramma", "WatchProgramma", "{38976648-FBB2-4222-B7B7-7ECA737E1380}"
EndProject
Project("{FAE04EC0-301F-11D3-BF4B-00C04F79EFBC}") = "WatchProgramma", "WatchProgramma\WatchProgramma.csproj", "{8AE223C9-DCFC-48D1-9E8D-9F86150B640C}"
EndProject
Project("{FAE04EC0-301F-11D3-BF4B-00C04F79EFBC}") = "TMTMultiTools.DB", "TMTMultiTools.DB\TMTMultiTools.DB.csproj", "{F345FE88-CDE0-4317-AECC-8469EC35C77F}"
EndProject
Project("{FAE04EC0-301F-11D3-BF4B-00C04F79EFBC}") = "TMTMultiTools.DB.Test", "TMTMultiTools.DB.Test\TMTMultiTools.DB.Test.csproj", "{F78BE6F9-94BB-429D-B67A-50F62C3605D6}"
EndProject
Global
	GlobalSection(SolutionConfigurationPlatforms) = preSolution
		Debug|Any CPU = Debug|Any CPU
		Release|Any CPU = Release|Any CPU
	EndGlobalSection
	GlobalSection(ProjectConfigurationPlatforms) = postSolution
		{D755A029-6B44-4DA6-95D3-0BEF9301CB7B}.Debug|Any CPU.ActiveCfg = Debug|Any CPU
		{D755A029-6B44-4DA6-95D3-0BEF9301CB7B}.Debug|Any CPU.Build.0 = Debug|Any CPU
		{D755A029-6B44-4DA6-95D3-0BEF9301CB7B}.Release|Any CPU.ActiveCfg = Release|Any CPU
		{D755A029-6B44-4DA6-95D3-0BEF9301CB7B}.Release|Any CPU.Build.0 = Release|Any CPU
		{F443F30D-360C-4D2D-BF16-267F7545EB0C}.Debug|Any CPU.ActiveCfg = Debug|Any CPU
		{F443F30D-360C-4D2D-BF16-267F7545EB0C}.Debug|Any CPU.Build.0 = Debug|Any CPU
		{F443F30D-360C-4D2D-BF16-267F7545EB0C}.Release|Any CPU.ActiveCfg = Release|Any CPU
		{F443F30D-360C-4D2D-BF16-267F7545EB0C}.Release|Any CPU.Build.0 = Release|Any CPU
		{E3D23616-AD97-464A-8257-422FD1078547}.Debug|Any CPU.ActiveCfg = Debug|Any CPU
		{E3D23616-AD97-464A-8257-422FD1078547}.Debug|Any CPU.Build.0 = Debug|Any CPU
		{E3D23616-AD97-464A-8257-422FD1078547}.Release|Any CPU.ActiveCfg = Release|Any CPU
		{E3D23616-AD97-464A-8257-422FD1078547}.Release|Any CPU.Build.0 = Release|Any CPU
		{F4729D6C-B3DF-4C00-9A1E-5B0DC93722DA}.Debug|Any CPU.ActiveCfg = Debug|Any CPU
		{F4729D6C-B3DF-4C00-9A1E-5B0DC93722DA}.Debug|Any CPU.Build.0 = Debug|Any CPU
		{F4729D6C-B3DF-4C00-9A1E-5B0DC93722DA}.Release|Any CPU.ActiveCfg = Release|Any CPU
		{F4729D6C-B3DF-4C00-9A1E-5B0DC93722DA}.Release|Any CPU.Build.0 = Release|Any CPU
		{0B246D7D-BB00-4318-90C7-37E7CD29CE69}.Debug|Any CPU.ActiveCfg = Debug|Any CPU
		{0B246D7D-BB00-4318-90C7-37E7CD29CE69}.Debug|Any CPU.Build.0 = Debug|Any CPU
		{0B246D7D-BB00-4318-90C7-37E7CD29CE69}.Release|Any CPU.ActiveCfg = Release|Any CPU
		{0B246D7D-BB00-4318-90C7-37E7CD29CE69}.Release|Any CPU.Build.0 = Release|Any CPU
		{8AE223C9-DCFC-48D1-9E8D-9F86150B640C}.Debug|Any CPU.ActiveCfg = Debug|Any CPU
		{8AE223C9-DCFC-48D1-9E8D-9F86150B640C}.Debug|Any CPU.Build.0 = Debug|Any CPU
		{8AE223C9-DCFC-48D1-9E8D-9F86150B640C}.Release|Any CPU.ActiveCfg = Release|Any CPU
		{8AE223C9-DCFC-48D1-9E8D-9F86150B640C}.Release|Any CPU.Build.0 = Release|Any CPU
		{F345FE88-CDE0-4317-AECC-8469EC35C77F}.Debug|Any CPU.ActiveCfg = Debug|Any CPU
		{F345FE88-CDE0-4317-AECC-8469EC35C77F}.Debug|Any CPU.Build.0 = Debug|Any CPU
		{F345FE88-CDE0-4317-AECC-8469EC35C77F}.Release|Any CPU.ActiveCfg = Release|Any CPU
		{F345FE88-CDE0-4317-AECC-8469EC35C77F}.Release|Any CPU.Build.0 = Release|Any CPU
		{F78BE6F9-94BB-429D-B67A-50F62C3605D6}.Debug|Any CPU.ActiveCfg = Debug|Any CPU
		{F78BE6F9-94BB-429D-B67A-50F62C3605D6}.Debug|Any CPU.Build.0 = Debug|Any CPU
		{F78BE6F9-94BB-429D-B67A-50F62C3605D6}.Release|Any CPU.ActiveCfg = Release|Any CPU
		{F78BE6F9-94BB-429D-B67A-50F62C3605D6}.Release|Any CPU.Build.0 = Release|Any CPU
	EndGlobalSection
	GlobalSection(SolutionProperties) = preSolution
		HideSolutionNode = FALSE
	EndGlobalSection
	GlobalSection(NestedProjects) = preSolution
		{E3D23616-AD97-464A-8257-422FD1078547} = {87F38072-6459-4D08-8B0A-6F15D96E38EA}
		{F4729D6C-B3DF-4C00-9A1E-5B0DC93722DA} = {87F38072-6459-4D08-8B0A-6F15D96E38EA}
		{487A371F-1B09-4BA2-93EB-D7C640B4458E} = {0214A981-2595-4966-8433-447EE8889E87}
		{8AE223C9-DCFC-48D1-9E8D-9F86150B640C} = {38976648-FBB2-4222-B7B7-7ECA737E1380}
		{F78BE6F9-94BB-429D-B67A-50F62C3605D6} = {87F38072-6459-4D08-8B0A-6F15D96E38EA}
	EndGlobalSection
EndGlobal
